
Microsoft Visual Studio Solution File, Format Version 12.00
# Visual Studio 15
VisualStudioVersion = 15.0.27703.2026
MinimumVisualStudioVersion = 10.0.40219.1
Project("{FAE04EC0-301F-11D3-BF4B-00C04F79EFBC}") = "mm-WebApplication1", "mm-WebApplication1\mm-WebApplication1.csproj", "{34357F92-0994-45CC-B0D9-5BB3619E3011}"
EndProject
Global
	GlobalSection(SolutionConfigurationPlatforms) = preSolution
		Debug|Any CPU = Debug|Any CPU
		Release|Any CPU = Release|Any CPU
	EndGlobalSection
	GlobalSection(ProjectConfigurationPlatforms) = postSolution
		{34357F92-0994-45CC-B0D9-5BB3619E3011}.Debug|Any CPU.ActiveCfg = Debug|Any CPU
		{34357F92-0994-45CC-B0D9-5BB3619E3011}.Debug|Any CPU.Build.0 = Debug|Any CPU
		{34357F92-0994-45CC-B0D9-5BB3619E3011}.Release|Any CPU.ActiveCfg = Release|Any CPU
		{34357F92-0994-45CC-B0D9-5BB3619E3011}.Release|Any CPU.Build.0 = Release|Any CPU
	EndGlobalSection
	GlobalSection(SolutionProperties) = preSolution
		HideSolutionNode = FALSE
	EndGlobalSection
	GlobalSection(ExtensibilityGlobals) = postSolution
		SolutionGuid = {7C628753-557D-492B-A535-BEF26A478AED}
	EndGlobalSection
EndGlobal
